// !$*UTF8*$!
{
	archiveVersion = 1;
	classes = {
	};
	objectVersion = 56;
	objects = {

/* Begin PBXBuildFile section */
		9C9189DF2E44F9E1000E0A11 /* RandomListApp.swift in Sources */ = {isa = PBXBuildFile; fileRef = 9C9189DE2E44F9E1000E0A11 /* RandomListApp.swift */; };
		9C9189E12E44F9E1000E0A11 /* ContentView.swift in Sources */ = {isa = PBXBuildFile; fileRef = 9C9189E02E44F9E1000E0A11 /* ContentView.swift */; };
		9C9189E32E44F9E3000E0A11 /* Assets.xcassets in Resources */ = {isa = PBXBuildFile; fileRef = 9C9189E22E44F9E3000E0A11 /* Assets.xcassets */; };
		9C9189E62E44F9E3000E0A11 /* Preview Assets.xcassets in Resources */ = {isa = PBXBuildFile; fileRef = 9C9189E52E44F9E3000E0A11 /* Preview Assets.xcassets */; };
		9C9189F02E44F9E4000E0A11 /* RandomListTests.swift in Sources */ = {isa = PBXBuildFile; fileRef = 9C9189EF2E44F9E4000E0A11 /* RandomListTests.swift */; };
		9C9189FA2E44F9E4000E0A11 /* RandomListUITests.swift in Sources */ = {isa = PBXBuildFile; fileRef = 9C9189F92E44F9E4000E0A11 /* RandomListUITests.swift */; };
		9C9189FC2E44F9E4000E0A11 /* RandomListUITestsLaunchTests.swift in Sources */ = {isa = PBXBuildFile; fileRef = 9C9189FB2E44F9E4000E0A11 /* RandomListUITestsLaunchTests.swift */; };
		9C918A0A2E44FB42000E0A11 /* Constants.swift in Sources */ = {isa = PBXBuildFile; fileRef = 9C918A092E44FB42000E0A11 /* Constants.swift */; };
		9C918A0D2E44FC59000E0A11 /* WebService.swift in Sources */ = {isa = PBXBuildFile; fileRef = 9C918A0C2E44FC59000E0A11 /* WebService.swift */; };
		9C918A102E45075B000E0A11 /* ScreenModel.swift in Sources */ = {isa = PBXBuildFile; fileRef = 9C918A0F2E45075B000E0A11 /* ScreenModel.swift */; };
		9C918A132E4627FB000E0A11 /* UIComponent.swift in Sources */ = {isa = PBXBuildFile; fileRef = 9C918A122E4627FB000E0A11 /* UIComponent.swift */; };
		9C918A152E462849000E0A11 /* FeaturedImageComponent.swift in Sources */ = {isa = PBXBuildFile; fileRef = 9C918A142E462849000E0A11 /* FeaturedImageComponent.swift */; };
		9C918A172E4628B9000E0A11 /* FeaturedImageUIModel.swift in Sources */ = {isa = PBXBuildFile; fileRef = 9C918A162E4628B9000E0A11 /* FeaturedImageUIModel.swift */; };
		9C918A1A2E462993000E0A11 /* View+Extensions.swift in Sources */ = {isa = PBXBuildFile; fileRef = 9C918A192E462993000E0A11 /* View+Extensions.swift */; };
		9C918A1D2E462A14000E0A11 /* ListViewModel.swift in Sources */ = {isa = PBXBuildFile; fileRef = 9C918A1C2E462A14000E0A11 /* ListViewModel.swift */; };
		9C918A1F2E462B23000E0A11 /* Dictionary+Extensions.swift in Sources */ = {isa = PBXBuildFile; fileRef = 9C918A1E2E462B23000E0A11 /* Dictionary+Extensions.swift */; };
		9CC6F7562E55EEFD007C102B /* nature-list.json in Resources */ = {isa = PBXBuildFile; fileRef = 9CC6F7552E55EEFD007C102B /* nature-list.json */; };
		9CC6F7582E55EFF0007C102B /* CarouselUIModel.swift in Sources */ = {isa = PBXBuildFile; fileRef = 9CC6F7572E55EFF0007C102B /* CarouselUIModel.swift */; };
		9CC6F75A2E55F0FC007C102B /* LocalService.swift in Sources */ = {isa = PBXBuildFile; fileRef = 9CC6F7592E55F0FC007C102B /* LocalService.swift */; };
		9CC6F75C2E55F15A007C102B /* NetworkService.swift in Sources */ = {isa = PBXBuildFile; fileRef = 9CC6F75B2E55F15A007C102B /* NetworkService.swift */; };
		9CC6F75E2E55F22E007C102B /* JSON.swift in Sources */ = {isa = PBXBuildFile; fileRef = 9CC6F75D2E55F22E007C102B /* JSON.swift */; };
		9CC6F7612E55F2AF007C102B /* CarouselView.swift in Sources */ = {isa = PBXBuildFile; fileRef = 9CC6F7602E55F2AF007C102B /* CarouselView.swift */; };
		9CC6F7632E55F97B007C102B /* CarouselComponent.swift in Sources */ = {isa = PBXBuildFile; fileRef = 9CC6F7622E55F97B007C102B /* CarouselComponent.swift */; };
/* End PBXBuildFile section */

/* Begin PBXContainerItemProxy section */
		9C9189EC2E44F9E4000E0A11 /* PBXContainerItemProxy */ = {
			isa = PBXContainerItemProxy;
			containerPortal = 9C9189D32E44F9E1000E0A11 /* Project object */;
			proxyType = 1;
			remoteGlobalIDString = 9C9189DA2E44F9E1000E0A11;
			remoteInfo = RandomList;
		};
		9C9189F62E44F9E4000E0A11 /* PBXContainerItemProxy */ = {
			isa = PBXContainerItemProxy;
			containerPortal = 9C9189D32E44F9E1000E0A11 /* Project object */;
			proxyType = 1;
			remoteGlobalIDString = 9C9189DA2E44F9E1000E0A11;
			remoteInfo = RandomList;
		};
/* End PBXContainerItemProxy section */

/* Begin PBXFileReference section */
		9C9189DB2E44F9E1000E0A11 /* RandomList.app */ = {isa = PBXFileReference; explicitFileType = wrapper.application; includeInIndex = 0; path = RandomList.app; sourceTree = BUILT_PRODUCTS_DIR; };
		9C9189DE2E44F9E1000E0A11 /* RandomListApp.swift */ = {isa = PBXFileReference; lastKnownFileType = sourcecode.swift; path = RandomListApp.swift; sourceTree = "<group>"; };
		9C9189E02E44F9E1000E0A11 /* ContentView.swift */ = {isa = PBXFileReference; lastKnownFileType = sourcecode.swift; path = ContentView.swift; sourceTree = "<group>"; };
		9C9189E22E44F9E3000E0A11 /* Assets.xcassets */ = {isa = PBXFileReference; lastKnownFileType = folder.assetcatalog; path = Assets.xcassets; sourceTree = "<group>"; };
		9C9189E52E44F9E3000E0A11 /* Preview Assets.xcassets */ = {isa = PBXFileReference; lastKnownFileType = folder.assetcatalog; path = "Preview Assets.xcassets"; sourceTree = "<group>"; };
		9C9189EB2E44F9E4000E0A11 /* RandomListTests.xctest */ = {isa = PBXFileReference; explicitFileType = wrapper.cfbundle; includeInIndex = 0; path = RandomListTests.xctest; sourceTree = BUILT_PRODUCTS_DIR; };
		9C9189EF2E44F9E4000E0A11 /* RandomListTests.swift */ = {isa = PBXFileReference; lastKnownFileType = sourcecode.swift; path = RandomListTests.swift; sourceTree = "<group>"; };
		9C9189F52E44F9E4000E0A11 /* RandomListUITests.xctest */ = {isa = PBXFileReference; explicitFileType = wrapper.cfbundle; includeInIndex = 0; path = RandomListUITests.xctest; sourceTree = BUILT_PRODUCTS_DIR; };
		9C9189F92E44F9E4000E0A11 /* RandomListUITests.swift */ = {isa = PBXFileReference; lastKnownFileType = sourcecode.swift; path = RandomListUITests.swift; sourceTree = "<group>"; };
		9C9189FB2E44F9E4000E0A11 /* RandomListUITestsLaunchTests.swift */ = {isa = PBXFileReference; lastKnownFileType = sourcecode.swift; path = RandomListUITestsLaunchTests.swift; sourceTree = "<group>"; };
		9C918A092E44FB42000E0A11 /* Constants.swift */ = {isa = PBXFileReference; lastKnownFileType = sourcecode.swift; path = Constants.swift; sourceTree = "<group>"; };
		9C918A0C2E44FC59000E0A11 /* WebService.swift */ = {isa = PBXFileReference; lastKnownFileType = sourcecode.swift; path = WebService.swift; sourceTree = "<group>"; };
		9C918A0F2E45075B000E0A11 /* ScreenModel.swift */ = {isa = PBXFileReference; lastKnownFileType = sourcecode.swift; path = ScreenModel.swift; sourceTree = "<group>"; };
		9C918A122E4627FB000E0A11 /* UIComponent.swift */ = {isa = PBXFileReference; lastKnownFileType = sourcecode.swift; path = UIComponent.swift; sourceTree = "<group>"; };
		9C918A142E462849000E0A11 /* FeaturedImageComponent.swift */ = {isa = PBXFileReference; lastKnownFileType = sourcecode.swift; path = FeaturedImageComponent.swift; sourceTree = "<group>"; };
		9C918A162E4628B9000E0A11 /* FeaturedImageUIModel.swift */ = {isa = PBXFileReference; lastKnownFileType = sourcecode.swift; path = FeaturedImageUIModel.swift; sourceTree = "<group>"; };
		9C918A192E462993000E0A11 /* View+Extensions.swift */ = {isa = PBXFileReference; lastKnownFileType = sourcecode.swift; path = "View+Extensions.swift"; sourceTree = "<group>"; };
		9C918A1C2E462A14000E0A11 /* ListViewModel.swift */ = {isa = PBXFileReference; lastKnownFileType = sourcecode.swift; path = ListViewModel.swift; sourceTree = "<group>"; };
		9C918A1E2E462B23000E0A11 /* Dictionary+Extensions.swift */ = {isa = PBXFileReference; lastKnownFileType = sourcecode.swift; path = "Dictionary+Extensions.swift"; sourceTree = "<group>"; };
		9CC6F7552E55EEFD007C102B /* nature-list.json */ = {isa = PBXFileReference; lastKnownFileType = text.json; path = "nature-list.json"; sourceTree = "<group>"; };
		9CC6F7572E55EFF0007C102B /* CarouselUIModel.swift */ = {isa = PBXFileReference; lastKnownFileType = sourcecode.swift; path = CarouselUIModel.swift; sourceTree = "<group>"; };
		9CC6F7592E55F0FC007C102B /* LocalService.swift */ = {isa = PBXFileReference; lastKnownFileType = sourcecode.swift; path = LocalService.swift; sourceTree = "<group>"; };
		9CC6F75B2E55F15A007C102B /* NetworkService.swift */ = {isa = PBXFileReference; lastKnownFileType = sourcecode.swift; path = NetworkService.swift; sourceTree = "<group>"; };
		9CC6F75D2E55F22E007C102B /* JSON.swift */ = {isa = PBXFileReference; lastKnownFileType = sourcecode.swift; path = JSON.swift; sourceTree = "<group>"; };
		9CC6F7602E55F2AF007C102B /* CarouselView.swift */ = {isa = PBXFileReference; lastKnownFileType = sourcecode.swift; path = CarouselView.swift; sourceTree = "<group>"; };
		9CC6F7622E55F97B007C102B /* CarouselComponent.swift */ = {isa = PBXFileReference; lastKnownFileType = sourcecode.swift; path = CarouselComponent.swift; sourceTree = "<group>"; };
/* End PBXFileReference section */

/* Begin PBXFrameworksBuildPhase section */
		9C9189D82E44F9E1000E0A11 /* Frameworks */ = {
			isa = PBXFrameworksBuildPhase;
			buildActionMask = 2147483647;
			files = (
			);
			runOnlyForDeploymentPostprocessing = 0;
		};
		9C9189E82E44F9E4000E0A11 /* Frameworks */ = {
			isa = PBXFrameworksBuildPhase;
			buildActionMask = 2147483647;
			files = (
			);
			runOnlyForDeploymentPostprocessing = 0;
		};
		9C9189F22E44F9E4000E0A11 /* Frameworks */ = {
			isa = PBXFrameworksBuildPhase;
			buildActionMask = 2147483647;
			files = (
			);
			runOnlyForDeploymentPostprocessing = 0;
		};
/* End PBXFrameworksBuildPhase section */

/* Begin PBXGroup section */
		9C9189D22E44F9E1000E0A11 = {
			isa = PBXGroup;
			children = (
				9C9189DD2E44F9E1000E0A11 /* RandomList */,
				9C9189EE2E44F9E4000E0A11 /* RandomListTests */,
				9C9189F82E44F9E4000E0A11 /* RandomListUITests */,
				9C9189DC2E44F9E1000E0A11 /* Products */,
			);
			sourceTree = "<group>";
		};
		9C9189DC2E44F9E1000E0A11 /* Products */ = {
			isa = PBXGroup;
			children = (
				9C9189DB2E44F9E1000E0A11 /* RandomList.app */,
				9C9189EB2E44F9E4000E0A11 /* RandomListTests.xctest */,
				9C9189F52E44F9E4000E0A11 /* RandomListUITests.xctest */,
			);
			name = Products;
			sourceTree = "<group>";
		};
		9C9189DD2E44F9E1000E0A11 /* RandomList */ = {
			isa = PBXGroup;
			children = (
				9CC6F75F2E55F290007C102B /* Views */,
				9C918A1B2E462A04000E0A11 /* ViewModel */,
				9C918A182E46296F000E0A11 /* Extensions */,
				9C918A112E4627E8000E0A11 /* Components */,
				9C918A0E2E45073D000E0A11 /* UIModels */,
				9C918A0B2E44FC30000E0A11 /* Services */,
				9C918A082E44FB2E000E0A11 /* Utlis */,
				9C9189DE2E44F9E1000E0A11 /* RandomListApp.swift */,
				9C9189E02E44F9E1000E0A11 /* ContentView.swift */,
				9C9189E22E44F9E3000E0A11 /* Assets.xcassets */,
				9C9189E42E44F9E3000E0A11 /* Preview Content */,
				9CC6F7552E55EEFD007C102B /* nature-list.json */,
			);
			path = RandomList;
			sourceTree = "<group>";
		};
		9C9189E42E44F9E3000E0A11 /* Preview Content */ = {
			isa = PBXGroup;
			children = (
				9C9189E52E44F9E3000E0A11 /* Preview Assets.xcassets */,
			);
			path = "Preview Content";
			sourceTree = "<group>";
		};
		9C9189EE2E44F9E4000E0A11 /* RandomListTests */ = {
			isa = PBXGroup;
			children = (
				9C9189EF2E44F9E4000E0A11 /* RandomListTests.swift */,
			);
			path = RandomListTests;
			sourceTree = "<group>";
		};
		9C9189F82E44F9E4000E0A11 /* RandomListUITests */ = {
			isa = PBXGroup;
			children = (
				9C9189F92E44F9E4000E0A11 /* RandomListUITests.swift */,
				9C9189FB2E44F9E4000E0A11 /* RandomListUITestsLaunchTests.swift */,
			);
			path = RandomListUITests;
			sourceTree = "<group>";
		};
		9C918A082E44FB2E000E0A11 /* Utlis */ = {
			isa = PBXGroup;
			children = (
				9C918A092E44FB42000E0A11 /* Constants.swift */,
			);
			path = Utlis;
			sourceTree = "<group>";
		};
		9C918A0B2E44FC30000E0A11 /* Services */ = {
			isa = PBXGroup;
			children = (
				9C918A0C2E44FC59000E0A11 /* WebService.swift */,
				9CC6F7592E55F0FC007C102B /* LocalService.swift */,
				9CC6F75B2E55F15A007C102B /* NetworkService.swift */,
			);
			path = Services;
			sourceTree = "<group>";
		};
		9C918A0E2E45073D000E0A11 /* UIModels */ = {
			isa = PBXGroup;
			children = (
				9C918A0F2E45075B000E0A11 /* ScreenModel.swift */,
				9C918A162E4628B9000E0A11 /* FeaturedImageUIModel.swift */,
				9CC6F7572E55EFF0007C102B /* CarouselUIModel.swift */,
				9CC6F75D2E55F22E007C102B /* JSON.swift */,
			);
			path = UIModels;
			sourceTree = "<group>";
		};
		9C918A112E4627E8000E0A11 /* Components */ = {
			isa = PBXGroup;
			children = (
				9C918A122E4627FB000E0A11 /* UIComponent.swift */,
				9C918A142E462849000E0A11 /* FeaturedImageComponent.swift */,
				9CC6F7622E55F97B007C102B /* CarouselComponent.swift */,
			);
			path = Components;
			sourceTree = "<group>";
		};
		9C918A182E46296F000E0A11 /* Extensions */ = {
			isa = PBXGroup;
			children = (
				9C918A192E462993000E0A11 /* View+Extensions.swift */,
				9C918A1E2E462B23000E0A11 /* Dictionary+Extensions.swift */,
			);
			path = Extensions;
			sourceTree = "<group>";
		};
		9C918A1B2E462A04000E0A11 /* ViewModel */ = {
			isa = PBXGroup;
			children = (
				9C918A1C2E462A14000E0A11 /* ListViewModel.swift */,
			);
			path = ViewModel;
			sourceTree = "<group>";
		};
		9CC6F75F2E55F290007C102B /* Views */ = {
			isa = PBXGroup;
			children = (
				9CC6F7602E55F2AF007C102B /* CarouselView.swift */,
			);
			path = Views;
			sourceTree = "<group>";
		};
/* End PBXGroup section */

/* Begin PBXNativeTarget section */
		9C9189DA2E44F9E1000E0A11 /* RandomList */ = {
			isa = PBXNativeTarget;
			buildConfigurationList = 9C9189FF2E44F9E4000E0A11 /* Build configuration list for PBXNativeTarget "RandomList" */;
			buildPhases = (
				9C9189D72E44F9E1000E0A11 /* Sources */,
				9C9189D82E44F9E1000E0A11 /* Frameworks */,
				9C9189D92E44F9E1000E0A11 /* Resources */,
			);
			buildRules = (
			);
			dependencies = (
			);
			name = RandomList;
			productName = RandomList;
			productReference = 9C9189DB2E44F9E1000E0A11 /* RandomList.app */;
			productType = "com.apple.product-type.application";
		};
		9C9189EA2E44F9E4000E0A11 /* RandomListTests */ = {
			isa = PBXNativeTarget;
			buildConfigurationList = 9C918A022E44F9E4000E0A11 /* Build configuration list for PBXNativeTarget "RandomListTests" */;
			buildPhases = (
				9C9189E72E44F9E4000E0A11 /* Sources */,
				9C9189E82E44F9E4000E0A11 /* Frameworks */,
				9C9189E92E44F9E4000E0A11 /* Resources */,
			);
			buildRules = (
			);
			dependencies = (
				9C9189ED2E44F9E4000E0A11 /* PBXTargetDependency */,
			);
			name = RandomListTests;
			productName = RandomListTests;
			productReference = 9C9189EB2E44F9E4000E0A11 /* RandomListTests.xctest */;
			productType = "com.apple.product-type.bundle.unit-test";
		};
		9C9189F42E44F9E4000E0A11 /* RandomListUITests */ = {
			isa = PBXNativeTarget;
			buildConfigurationList = 9C918A052E44F9E4000E0A11 /* Build configuration list for PBXNativeTarget "RandomListUITests" */;
			buildPhases = (
				9C9189F12E44F9E4000E0A11 /* Sources */,
				9C9189F22E44F9E4000E0A11 /* Frameworks */,
				9C9189F32E44F9E4000E0A11 /* Resources */,
			);
			buildRules = (
			);
			dependencies = (
				9C9189F72E44F9E4000E0A11 /* PBXTargetDependency */,
			);
			name = RandomListUITests;
			productName = RandomListUITests;
			productReference = 9C9189F52E44F9E4000E0A11 /* RandomListUITests.xctest */;
			productType = "com.apple.product-type.bundle.ui-testing";
		};
/* End PBXNativeTarget section */

/* Begin PBXProject section */
		9C9189D32E44F9E1000E0A11 /* Project object */ = {
			isa = PBXProject;
			attributes = {
				BuildIndependentTargetsInParallel = 1;
				LastSwiftUpdateCheck = 1410;
				LastUpgradeCheck = 1410;
				TargetAttributes = {
					9C9189DA2E44F9E1000E0A11 = {
						CreatedOnToolsVersion = 14.1;
					};
					9C9189EA2E44F9E4000E0A11 = {
						CreatedOnToolsVersion = 14.1;
						TestTargetID = 9C9189DA2E44F9E1000E0A11;
					};
					9C9189F42E44F9E4000E0A11 = {
						CreatedOnToolsVersion = 14.1;
						TestTargetID = 9C9189DA2E44F9E1000E0A11;
					};
				};
			};
			buildConfigurationList = 9C9189D62E44F9E1000E0A11 /* Build configuration list for PBXProject "RandomList" */;
			compatibilityVersion = "Xcode 14.0";
			developmentRegion = en;
			hasScannedForEncodings = 0;
			knownRegions = (
				en,
				Base,
			);
			mainGroup = 9C9189D22E44F9E1000E0A11;
			productRefGroup = 9C9189DC2E44F9E1000E0A11 /* Products */;
			projectDirPath = "";
			projectRoot = "";
			targets = (
				9C9189DA2E44F9E1000E0A11 /* RandomList */,
				9C9189EA2E44F9E4000E0A11 /* RandomListTests */,
				9C9189F42E44F9E4000E0A11 /* RandomListUITests */,
			);
		};
/* End PBXProject section */

/* Begin PBXResourcesBuildPhase section */
		9C9189D92E44F9E1000E0A11 /* Resources */ = {
			isa = PBXResourcesBuildPhase;
			buildActionMask = 2147483647;
			files = (
				9C9189E62E44F9E3000E0A11 /* Preview Assets.xcassets in Resources */,
				9CC6F7562E55EEFD007C102B /* nature-list.json in Resources */,
				9C9189E32E44F9E3000E0A11 /* Assets.xcassets in Resources */,
			);
			runOnlyForDeploymentPostprocessing = 0;
		};
		9C9189E92E44F9E4000E0A11 /* Resources */ = {
			isa = PBXResourcesBuildPhase;
			buildActionMask = 2147483647;
			files = (
			);
			runOnlyForDeploymentPostprocessing = 0;
		};
		9C9189F32E44F9E4000E0A11 /* Resources */ = {
			isa = PBXResourcesBuildPhase;
			buildActionMask = 2147483647;
			files = (
			);
			runOnlyForDeploymentPostprocessing = 0;
		};
/* End PBXResourcesBuildPhase section */

/* Begin PBXSourcesBuildPhase section */
		9C9189D72E44F9E1000E0A11 /* Sources */ = {
			isa = PBXSourcesBuildPhase;
			buildActionMask = 2147483647;
			files = (
				9CC6F75A2E55F0FC007C102B /* LocalService.swift in Sources */,
				9C918A1D2E462A14000E0A11 /* ListViewModel.swift in Sources */,
				9C9189E12E44F9E1000E0A11 /* ContentView.swift in Sources */,
				9C918A1A2E462993000E0A11 /* View+Extensions.swift in Sources */,
				9C918A132E4627FB000E0A11 /* UIComponent.swift in Sources */,
				9C918A152E462849000E0A11 /* FeaturedImageComponent.swift in Sources */,
				9CC6F7612E55F2AF007C102B /* CarouselView.swift in Sources */,
				9CC6F75E2E55F22E007C102B /* JSON.swift in Sources */,
				9CC6F75C2E55F15A007C102B /* NetworkService.swift in Sources */,
				9C918A102E45075B000E0A11 /* ScreenModel.swift in Sources */,
				9C9189DF2E44F9E1000E0A11 /* RandomListApp.swift in Sources */,
				9C918A0D2E44FC59000E0A11 /* WebService.swift in Sources */,
				9C918A0A2E44FB42000E0A11 /* Constants.swift in Sources */,
				9CC6F7632E55F97B007C102B /* CarouselComponent.swift in Sources */,
				9CC6F7582E55EFF0007C102B /* CarouselUIModel.swift in Sources */,
				9C918A172E4628B9000E0A11 /* FeaturedImageUIModel.swift in Sources */,
				9C918A1F2E462B23000E0A11 /* Dictionary+Extensions.swift in Sources */,
			);
			runOnlyForDeploymentPostprocessing = 0;
		};
		9C9189E72E44F9E4000E0A11 /* Sources */ = {
			isa = PBXSourcesBuildPhase;
			buildActionMask = 2147483647;
			files = (
				9C9189F02E44F9E4000E0A11 /* RandomListTests.swift in Sources */,
			);
			runOnlyForDeploymentPostprocessing = 0;
		};
		9C9189F12E44F9E4000E0A11 /* Sources */ = {
			isa = PBXSourcesBuildPhase;
			buildActionMask = 2147483647;
			files = (
				9C9189FA2E44F9E4000E0A11 /* RandomListUITests.swift in Sources */,
				9C9189FC2E44F9E4000E0A11 /* RandomListUITestsLaunchTests.swift in Sources */,
			);
			runOnlyForDeploymentPostprocessing = 0;
		};
/* End PBXSourcesBuildPhase section */

/* Begin PBXTargetDependency section */
		9C9189ED2E44F9E4000E0A11 /* PBXTargetDependency */ = {
			isa = PBXTargetDependency;
			target = 9C9189DA2E44F9E1000E0A11 /* RandomList */;
			targetProxy = 9C9189EC2E44F9E4000E0A11 /* PBXContainerItemProxy */;
		};
		9C9189F72E44F9E4000E0A11 /* PBXTargetDependency */ = {
			isa = PBXTargetDependency;
			target = 9C9189DA2E44F9E1000E0A11 /* RandomList */;
			targetProxy = 9C9189F62E44F9E4000E0A11 /* PBXContainerItemProxy */;
		};
/* End PBXTargetDependency section */

/* Begin XCBuildConfiguration section */
		9C9189FD2E44F9E4000E0A11 /* Debug */ = {
			isa = XCBuildConfiguration;
			buildSettings = {
				ALWAYS_SEARCH_USER_PATHS = NO;
				CLANG_ANALYZER_NONNULL = YES;
				CLANG_ANALYZER_NUMBER_OBJECT_CONVERSION = YES_AGGRESSIVE;
				CLANG_CXX_LANGUAGE_STANDARD = "gnu++20";
				CLANG_ENABLE_MODULES = YES;
				CLANG_ENABLE_OBJC_ARC = YES;
				CLANG_ENABLE_OBJC_WEAK = YES;
				CLANG_WARN_BLOCK_CAPTURE_AUTORELEASING = YES;
				CLANG_WARN_BOOL_CONVERSION = YES;
				CLANG_WARN_COMMA = YES;
				CLANG_WARN_CONSTANT_CONVERSION = YES;
				CLANG_WARN_DEPRECATED_OBJC_IMPLEMENTATIONS = YES;
				CLANG_WARN_DIRECT_OBJC_ISA_USAGE = YES_ERROR;
				CLANG_WARN_DOCUMENTATION_COMMENTS = YES;
				CLANG_WARN_EMPTY_BODY = YES;
				CLANG_WARN_ENUM_CONVERSION = YES;
				CLANG_WARN_INFINITE_RECURSION = YES;
				CLANG_WARN_INT_CONVERSION = YES;
				CLANG_WARN_NON_LITERAL_NULL_CONVERSION = YES;
				CLANG_WARN_OBJC_IMPLICIT_RETAIN_SELF = YES;
				CLANG_WARN_OBJC_LITERAL_CONVERSION = YES;
				CLANG_WARN_OBJC_ROOT_CLASS = YES_ERROR;
				CLANG_WARN_QUOTED_INCLUDE_IN_FRAMEWORK_HEADER = YES;
				CLANG_WARN_RANGE_LOOP_ANALYSIS = YES;
				CLANG_WARN_STRICT_PROTOTYPES = YES;
				CLANG_WARN_SUSPICIOUS_MOVE = YES;
				CLANG_WARN_UNGUARDED_AVAILABILITY = YES_AGGRESSIVE;
				CLANG_WARN_UNREACHABLE_CODE = YES;
				CLANG_WARN__DUPLICATE_METHOD_MATCH = YES;
				COPY_PHASE_STRIP = NO;
				DEBUG_INFORMATION_FORMAT = dwarf;
				ENABLE_STRICT_OBJC_MSGSEND = YES;
				ENABLE_TESTABILITY = YES;
				GCC_C_LANGUAGE_STANDARD = gnu11;
				GCC_DYNAMIC_NO_PIC = NO;
				GCC_NO_COMMON_BLOCKS = YES;
				GCC_OPTIMIZATION_LEVEL = 0;
				GCC_PREPROCESSOR_DEFINITIONS = (
					"DEBUG=1",
					"$(inherited)",
				);
				GCC_WARN_64_TO_32_BIT_CONVERSION = YES;
				GCC_WARN_ABOUT_RETURN_TYPE = YES_ERROR;
				GCC_WARN_UNDECLARED_SELECTOR = YES;
				GCC_WARN_UNINITIALIZED_AUTOS = YES_AGGRESSIVE;
				GCC_WARN_UNUSED_FUNCTION = YES;
				GCC_WARN_UNUSED_VARIABLE = YES;
				IPHONEOS_DEPLOYMENT_TARGET = 16.1;
				MTL_ENABLE_DEBUG_INFO = INCLUDE_SOURCE;
				MTL_FAST_MATH = YES;
				ONLY_ACTIVE_ARCH = YES;
				SDKROOT = iphoneos;
				SWIFT_ACTIVE_COMPILATION_CONDITIONS = DEBUG;
				SWIFT_OPTIMIZATION_LEVEL = "-Onone";
			};
			name = Debug;
		};
		9C9189FE2E44F9E4000E0A11 /* Release */ = {
			isa = XCBuildConfiguration;
			buildSettings = {
				ALWAYS_SEARCH_USER_PATHS = NO;
				CLANG_ANALYZER_NONNULL = YES;
				CLANG_ANALYZER_NUMBER_OBJECT_CONVERSION = YES_AGGRESSIVE;
				CLANG_CXX_LANGUAGE_STANDARD = "gnu++20";
				CLANG_ENABLE_MODULES = YES;
				CLANG_ENABLE_OBJC_ARC = YES;
				CLANG_ENABLE_OBJC_WEAK = YES;
				CLANG_WARN_BLOCK_CAPTURE_AUTORELEASING = YES;
				CLANG_WARN_BOOL_CONVERSION = YES;
				CLANG_WARN_COMMA = YES;
				CLANG_WARN_CONSTANT_CONVERSION = YES;
				CLANG_WARN_DEPRECATED_OBJC_IMPLEMENTATIONS = YES;
				CLANG_WARN_DIRECT_OBJC_ISA_USAGE = YES_ERROR;
				CLANG_WARN_DOCUMENTATION_COMMENTS = YES;
				CLANG_WARN_EMPTY_BODY = YES;
				CLANG_WARN_ENUM_CONVERSION = YES;
				CLANG_WARN_INFINITE_RECURSION = YES;
				CLANG_WARN_INT_CONVERSION = YES;
				CLANG_WARN_NON_LITERAL_NULL_CONVERSION = YES;
				CLANG_WARN_OBJC_IMPLICIT_RETAIN_SELF = YES;
				CLANG_WARN_OBJC_LITERAL_CONVERSION = YES;
				CLANG_WARN_OBJC_ROOT_CLASS = YES_ERROR;
				CLANG_WARN_QUOTED_INCLUDE_IN_FRAMEWORK_HEADER = YES;
				CLANG_WARN_RANGE_LOOP_ANALYSIS = YES;
				CLANG_WARN_STRICT_PROTOTYPES = YES;
				CLANG_WARN_SUSPICIOUS_MOVE = YES;
				CLANG_WARN_UNGUARDED_AVAILABILITY = YES_AGGRESSIVE;
				CLANG_WARN_UNREACHABLE_CODE = YES;
				CLANG_WARN__DUPLICATE_METHOD_MATCH = YES;
				COPY_PHASE_STRIP = NO;
				DEBUG_INFORMATION_FORMAT = "dwarf-with-dsym";
				ENABLE_NS_ASSERTIONS = NO;
				ENABLE_STRICT_OBJC_MSGSEND = YES;
				GCC_C_LANGUAGE_STANDARD = gnu11;
				GCC_NO_COMMON_BLOCKS = YES;
				GCC_WARN_64_TO_32_BIT_CONVERSION = YES;
				GCC_WARN_ABOUT_RETURN_TYPE = YES_ERROR;
				GCC_WARN_UNDECLARED_SELECTOR = YES;
				GCC_WARN_UNINITIALIZED_AUTOS = YES_AGGRESSIVE;
				GCC_WARN_UNUSED_FUNCTION = YES;
				GCC_WARN_UNUSED_VARIABLE = YES;
				IPHONEOS_DEPLOYMENT_TARGET = 16.1;
				MTL_ENABLE_DEBUG_INFO = NO;
				MTL_FAST_MATH = YES;
				SDKROOT = iphoneos;
				SWIFT_COMPILATION_MODE = wholemodule;
				SWIFT_OPTIMIZATION_LEVEL = "-O";
				VALIDATE_PRODUCT = YES;
			};
			name = Release;
		};
		9C918A002E44F9E4000E0A11 /* Debug */ = {
			isa = XCBuildConfiguration;
			buildSettings = {
				ASSETCATALOG_COMPILER_APPICON_NAME = AppIcon;
				ASSETCATALOG_COMPILER_GLOBAL_ACCENT_COLOR_NAME = AccentColor;
				CODE_SIGN_STYLE = Automatic;
				CURRENT_PROJECT_VERSION = 1;
				DEVELOPMENT_ASSET_PATHS = "\"RandomList/Preview Content\"";
				ENABLE_PREVIEWS = YES;
				GENERATE_INFOPLIST_FILE = YES;
				INFOPLIST_KEY_UIApplicationSceneManifest_Generation = YES;
				INFOPLIST_KEY_UIApplicationSupportsIndirectInputEvents = YES;
				INFOPLIST_KEY_UILaunchScreen_Generation = YES;
				INFOPLIST_KEY_UISupportedInterfaceOrientations_iPad = "UIInterfaceOrientationPortrait UIInterfaceOrientationPortraitUpsideDown UIInterfaceOrientationLandscapeLeft UIInterfaceOrientationLandscapeRight";
				INFOPLIST_KEY_UISupportedInterfaceOrientations_iPhone = "UIInterfaceOrientationPortrait UIInterfaceOrientationLandscapeLeft UIInterfaceOrientationLandscapeRight";
				LD_RUNPATH_SEARCH_PATHS = (
					"$(inherited)",
					"@executable_path/Frameworks",
				);
				MARKETING_VERSION = 1.0;
				PRODUCT_BUNDLE_IDENTIFIER = com.swift.RandomList;
				PRODUCT_NAME = "$(TARGET_NAME)";
				SWIFT_EMIT_LOC_STRINGS = YES;
				SWIFT_VERSION = 5.0;
				TARGETED_DEVICE_FAMILY = "1,2";
			};
			name = Debug;
		};
		9C918A012E44F9E4000E0A11 /* Release */ = {
			isa = XCBuildConfiguration;
			buildSettings = {
				ASSETCATALOG_COMPILER_APPICON_NAME = AppIcon;
				ASSETCATALOG_COMPILER_GLOBAL_ACCENT_COLOR_NAME = AccentColor;
				CODE_SIGN_STYLE = Automatic;
				CURRENT_PROJECT_VERSION = 1;
				DEVELOPMENT_ASSET_PATHS = "\"RandomList/Preview Content\"";
				ENABLE_PREVIEWS = YES;
				GENERATE_INFOPLIST_FILE = YES;
				INFOPLIST_KEY_UIApplicationSceneManifest_Generation = YES;
				INFOPLIST_KEY_UIApplicationSupportsIndirectInputEvents = YES;
				INFOPLIST_KEY_UILaunchScreen_Generation = YES;
				INFOPLIST_KEY_UISupportedInterfaceOrientations_iPad = "UIInterfaceOrientationPortrait UIInterfaceOrientationPortraitUpsideDown UIInterfaceOrientationLandscapeLeft UIInterfaceOrientationLandscapeRight";
				INFOPLIST_KEY_UISupportedInterfaceOrientations_iPhone = "UIInterfaceOrientationPortrait UIInterfaceOrientationLandscapeLeft UIInterfaceOrientationLandscapeRight";
				LD_RUNPATH_SEARCH_PATHS = (
					"$(inherited)",
					"@executable_path/Frameworks",
				);
				MARKETING_VERSION = 1.0;
				PRODUCT_BUNDLE_IDENTIFIER = com.swift.RandomList;
				PRODUCT_NAME = "$(TARGET_NAME)";
				SWIFT_EMIT_LOC_STRINGS = YES;
				SWIFT_VERSION = 5.0;
				TARGETED_DEVICE_FAMILY = "1,2";
			};
			name = Release;
		};
		9C918A032E44F9E4000E0A11 /* Debug */ = {
			isa = XCBuildConfiguration;
			buildSettings = {
				ALWAYS_EMBED_SWIFT_STANDARD_LIBRARIES = YES;
				BUNDLE_LOADER = "$(TEST_HOST)";
				CODE_SIGN_STYLE = Automatic;
				CURRENT_PROJECT_VERSION = 1;
				GENERATE_INFOPLIST_FILE = YES;
				IPHONEOS_DEPLOYMENT_TARGET = 16.1;
				MARKETING_VERSION = 1.0;
				PRODUCT_BUNDLE_IDENTIFIER = com.swift.RandomListTests;
				PRODUCT_NAME = "$(TARGET_NAME)";
				SWIFT_EMIT_LOC_STRINGS = NO;
				SWIFT_VERSION = 5.0;
				TARGETED_DEVICE_FAMILY = "1,2";
				TEST_HOST = "$(BUILT_PRODUCTS_DIR)/RandomList.app/$(BUNDLE_EXECUTABLE_FOLDER_PATH)/RandomList";
			};
			name = Debug;
		};
		9C918A042E44F9E4000E0A11 /* Release */ = {
			isa = XCBuildConfiguration;
			buildSettings = {
				ALWAYS_EMBED_SWIFT_STANDARD_LIBRARIES = YES;
				BUNDLE_LOADER = "$(TEST_HOST)";
				CODE_SIGN_STYLE = Automatic;
				CURRENT_PROJECT_VERSION = 1;
				GENERATE_INFOPLIST_FILE = YES;
				IPHONEOS_DEPLOYMENT_TARGET = 16.1;
				MARKETING_VERSION = 1.0;
				PRODUCT_BUNDLE_IDENTIFIER = com.swift.RandomListTests;
				PRODUCT_NAME = "$(TARGET_NAME)";
				SWIFT_EMIT_LOC_STRINGS = NO;
				SWIFT_VERSION = 5.0;
				TARGETED_DEVICE_FAMILY = "1,2";
				TEST_HOST = "$(BUILT_PRODUCTS_DIR)/RandomList.app/$(BUNDLE_EXECUTABLE_FOLDER_PATH)/RandomList";
			};
			name = Release;
		};
		9C918A062E44F9E4000E0A11 /* Debug */ = {
			isa = XCBuildConfiguration;
			buildSettings = {
				ALWAYS_EMBED_SWIFT_STANDARD_LIBRARIES = YES;
				CODE_SIGN_STYLE = Automatic;
				CURRENT_PROJECT_VERSION = 1;
				GENERATE_INFOPLIST_FILE = YES;
				MARKETING_VERSION = 1.0;
				PRODUCT_BUNDLE_IDENTIFIER = com.swift.RandomListUITests;
				PRODUCT_NAME = "$(TARGET_NAME)";
				SWIFT_EMIT_LOC_STRINGS = NO;
				SWIFT_VERSION = 5.0;
				TARGETED_DEVICE_FAMILY = "1,2";
				TEST_TARGET_NAME = RandomList;
			};
			name = Debug;
		};
		9C918A072E44F9E4000E0A11 /* Release */ = {
			isa = XCBuildConfiguration;
			buildSettings = {
				ALWAYS_EMBED_SWIFT_STANDARD_LIBRARIES = YES;
				CODE_SIGN_STYLE = Automatic;
				CURRENT_PROJECT_VERSION = 1;
				GENERATE_INFOPLIST_FILE = YES;
				MARKETING_VERSION = 1.0;
				PRODUCT_BUNDLE_IDENTIFIER = com.swift.RandomListUITests;
				PRODUCT_NAME = "$(TARGET_NAME)";
				SWIFT_EMIT_LOC_STRINGS = NO;
				SWIFT_VERSION = 5.0;
				TARGETED_DEVICE_FAMILY = "1,2";
				TEST_TARGET_NAME = RandomList;
			};
			name = Release;
		};
/* End XCBuildConfiguration section */

/* Begin XCConfigurationList section */
		9C9189D62E44F9E1000E0A11 /* Build configuration list for PBXProject "RandomList" */ = {
			isa = XCConfigurationList;
			buildConfigurations = (
				9C9189FD2E44F9E4000E0A11 /* Debug */,
				9C9189FE2E44F9E4000E0A11 /* Release */,
			);
			defaultConfigurationIsVisible = 0;
			defaultConfigurationName = Release;
		};
		9C9189FF2E44F9E4000E0A11 /* Build configuration list for PBXNativeTarget "RandomList" */ = {
			isa = XCConfigurationList;
			buildConfigurations = (
				9C918A002E44F9E4000E0A11 /* Debug */,
				9C918A012E44F9E4000E0A11 /* Release */,
			);
			defaultConfigurationIsVisible = 0;
			defaultConfigurationName = Release;
		};
		9C918A022E44F9E4000E0A11 /* Build configuration list for PBXNativeTarget "RandomListTests" */ = {
			isa = XCConfigurationList;
			buildConfigurations = (
				9C918A032E44F9E4000E0A11 /* Debug */,
				9C918A042E44F9E4000E0A11 /* Release */,
			);
			defaultConfigurationIsVisible = 0;
			defaultConfigurationName = Release;
		};
		9C918A052E44F9E4000E0A11 /* Build configuration list for PBXNativeTarget "RandomListUITests" */ = {
			isa = XCConfigurationList;
			buildConfigurations = (
				9C918A062E44F9E4000E0A11 /* Debug */,
				9C918A072E44F9E4000E0A11 /* Release */,
			);
			defaultConfigurationIsVisible = 0;
			defaultConfigurationName = Release;
		};
/* End XCConfigurationList section */
	};
	rootObject = 9C9189D32E44F9E1000E0A11 /* Project object */;
}
